// !$*UTF8*$!
{
	archiveVersion = 1;
	classes = {
	};
	objectVersion = 46;
	objects = {

/* Begin PBXBuildFile section */
		659C07BD17E3B15600B47DBE /* UIKit.framework in Frameworks */ = {isa = PBXBuildFile; fileRef = 659C07BC17E3B15600B47DBE /* UIKit.framework */; };
		659C07BF17E3B15600B47DBE /* Foundation.framework in Frameworks */ = {isa = PBXBuildFile; fileRef = 659C07BE17E3B15600B47DBE /* Foundation.framework */; };
		659C07C117E3B15600B47DBE /* CoreGraphics.framework in Frameworks */ = {isa = PBXBuildFile; fileRef = 659C07C017E3B15600B47DBE /* CoreGraphics.framework */; };
		659C07C717E3B15600B47DBE /* InfoPlist.strings in Resources */ = {isa = PBXBuildFile; fileRef = 659C07C517E3B15600B47DBE /* InfoPlist.strings */; };
		659C07C917E3B15600B47DBE /* main.m in Sources */ = {isa = PBXBuildFile; fileRef = 659C07C817E3B15600B47DBE /* main.m */; };
		659C07CD17E3B15600B47DBE /* DRAppDelegate.m in Sources */ = {isa = PBXBuildFile; fileRef = 659C07CC17E3B15600B47DBE /* DRAppDelegate.m */; };
		659C07CF17E3B15600B47DBE /* Default.png in Resources */ = {isa = PBXBuildFile; fileRef = 659C07CE17E3B15600B47DBE /* Default.png */; };
		659C07D117E3B15600B47DBE /* Default@2x.png in Resources */ = {isa = PBXBuildFile; fileRef = 659C07D017E3B15600B47DBE /* Default@2x.png */; };
		659C07D317E3B15600B47DBE /* Default-568h@2x.png in Resources */ = {isa = PBXBuildFile; fileRef = 659C07D217E3B15600B47DBE /* Default-568h@2x.png */; };
		659C07D617E3B15600B47DBE /* DRViewController.m in Sources */ = {isa = PBXBuildFile; fileRef = 659C07D517E3B15600B47DBE /* DRViewController.m */; };
		659C07E617E3B1AA00B47DBE /* NSObject+DRTap.m in Sources */ = {isa = PBXBuildFile; fileRef = 659C07E517E3B1AA00B47DBE /* NSObject+DRTap.m */; };
/* End PBXBuildFile section */

/* Begin PBXFileReference section */
		659C07B917E3B15600B47DBE /* DRTapDemo.app */ = {isa = PBXFileReference; explicitFileType = wrapper.application; includeInIndex = 0; path = DRTapDemo.app; sourceTree = BUILT_PRODUCTS_DIR; };
		659C07BC17E3B15600B47DBE /* UIKit.framework */ = {isa = PBXFileReference; lastKnownFileType = wrapper.framework; name = UIKit.framework; path = System/Library/Frameworks/UIKit.framework; sourceTree = SDKROOT; };
		659C07BE17E3B15600B47DBE /* Foundation.framework */ = {isa = PBXFileReference; lastKnownFileType = wrapper.framework; name = Foundation.framework; path = System/Library/Frameworks/Foundation.framework; sourceTree = SDKROOT; };
		659C07C017E3B15600B47DBE /* CoreGraphics.framework */ = {isa = PBXFileReference; lastKnownFileType = wrapper.framework; name = CoreGraphics.framework; path = System/Library/Frameworks/CoreGraphics.framework; sourceTree = SDKROOT; };
		659C07C417E3B15600B47DBE /* DRTapDemo-Info.plist */ = {isa = PBXFileReference; lastKnownFileType = text.plist.xml; path = "DRTapDemo-Info.plist"; sourceTree = "<group>"; };
		659C07C617E3B15600B47DBE /* en */ = {isa = PBXFileReference; lastKnownFileType = text.plist.strings; name = en; path = en.lproj/InfoPlist.strings; sourceTree = "<group>"; };
		659C07C817E3B15600B47DBE /* main.m */ = {isa = PBXFileReference; lastKnownFileType = sourcecode.c.objc; path = main.m; sourceTree = "<group>"; };
		659C07CA17E3B15600B47DBE /* DRTapDemo-Prefix.pch */ = {isa = PBXFileReference; lastKnownFileType = sourcecode.c.h; path = "DRTapDemo-Prefix.pch"; sourceTree = "<group>"; };
		659C07CB17E3B15600B47DBE /* DRAppDelegate.h */ = {isa = PBXFileReference; lastKnownFileType = sourcecode.c.h; path = DRAppDelegate.h; sourceTree = "<group>"; };
		659C07CC17E3B15600B47DBE /* DRAppDelegate.m */ = {isa = PBXFileReference; lastKnownFileType = sourcecode.c.objc; path = DRAppDelegate.m; sourceTree = "<group>"; };
		659C07CE17E3B15600B47DBE /* Default.png */ = {isa = PBXFileReference; lastKnownFileType = image.png; path = Default.png; sourceTree = "<group>"; };
		659C07D017E3B15600B47DBE /* Default@2x.png */ = {isa = PBXFileReference; lastKnownFileType = image.png; path = "Default@2x.png"; sourceTree = "<group>"; };
		659C07D217E3B15600B47DBE /* Default-568h@2x.png */ = {isa = PBXFileReference; lastKnownFileType = image.png; path = "Default-568h@2x.png"; sourceTree = "<group>"; };
		659C07D417E3B15600B47DBE /* DRViewController.h */ = {isa = PBXFileReference; lastKnownFileType = sourcecode.c.h; path = DRViewController.h; sourceTree = "<group>"; };
		659C07D517E3B15600B47DBE /* DRViewController.m */ = {isa = PBXFileReference; lastKnownFileType = sourcecode.c.objc; path = DRViewController.m; sourceTree = "<group>"; };
		659C07E417E3B1AA00B47DBE /* NSObject+DRTap.h */ = {isa = PBXFileReference; fileEncoding = 4; lastKnownFileType = sourcecode.c.h; name = "NSObject+DRTap.h"; path = "DRTap/NSObject+DRTap.h"; sourceTree = "<group>"; };
		659C07E517E3B1AA00B47DBE /* NSObject+DRTap.m */ = {isa = PBXFileReference; fileEncoding = 4; lastKnownFileType = sourcecode.c.objc; name = "NSObject+DRTap.m"; path = "DRTap/NSObject+DRTap.m"; sourceTree = "<group>"; };
/* End PBXFileReference section */

/* Begin PBXFrameworksBuildPhase section */
		659C07B617E3B15600B47DBE /* Frameworks */ = {
			isa = PBXFrameworksBuildPhase;
			buildActionMask = 2147483647;
			files = (
				659C07BD17E3B15600B47DBE /* UIKit.framework in Frameworks */,
				659C07BF17E3B15600B47DBE /* Foundation.framework in Frameworks */,
				659C07C117E3B15600B47DBE /* CoreGraphics.framework in Frameworks */,
			);
			runOnlyForDeploymentPostprocessing = 0;
		};
/* End PBXFrameworksBuildPhase section */

/* Begin PBXGroup section */
		659C07B017E3B15600B47DBE = {
			isa = PBXGroup;
			children = (
				659C07E217E3B15F00B47DBE /* DRTap */,
				659C07C217E3B15600B47DBE /* DRTapDemo */,
				659C07BB17E3B15600B47DBE /* Frameworks */,
				659C07BA17E3B15600B47DBE /* Products */,
			);
			sourceTree = "<group>";
		};
		659C07BA17E3B15600B47DBE /* Products */ = {
			isa = PBXGroup;
			children = (
				659C07B917E3B15600B47DBE /* DRTapDemo.app */,
			);
			name = Products;
			sourceTree = "<group>";
		};
		659C07BB17E3B15600B47DBE /* Frameworks */ = {
			isa = PBXGroup;
			children = (
				659C07BC17E3B15600B47DBE /* UIKit.framework */,
				659C07BE17E3B15600B47DBE /* Foundation.framework */,
				659C07C017E3B15600B47DBE /* CoreGraphics.framework */,
			);
			name = Frameworks;
			sourceTree = "<group>";
		};
		659C07C217E3B15600B47DBE /* DRTapDemo */ = {
			isa = PBXGroup;
			children = (
				659C07CB17E3B15600B47DBE /* DRAppDelegate.h */,
				659C07CC17E3B15600B47DBE /* DRAppDelegate.m */,
				659C07D417E3B15600B47DBE /* DRViewController.h */,
				659C07D517E3B15600B47DBE /* DRViewController.m */,
				659C07C317E3B15600B47DBE /* Supporting Files */,
			);
			path = DRTapDemo;
			sourceTree = "<group>";
		};
		659C07C317E3B15600B47DBE /* Supporting Files */ = {
			isa = PBXGroup;
			children = (
				659C07C417E3B15600B47DBE /* DRTapDemo-Info.plist */,
				659C07C517E3B15600B47DBE /* InfoPlist.strings */,
				659C07C817E3B15600B47DBE /* main.m */,
				659C07CA17E3B15600B47DBE /* DRTapDemo-Prefix.pch */,
				659C07CE17E3B15600B47DBE /* Default.png */,
				659C07D017E3B15600B47DBE /* Default@2x.png */,
				659C07D217E3B15600B47DBE /* Default-568h@2x.png */,
			);
			name = "Supporting Files";
			sourceTree = "<group>";
		};
		659C07E217E3B15F00B47DBE /* DRTap */ = {
			isa = PBXGroup;
			children = (
				659C07E417E3B1AA00B47DBE /* NSObject+DRTap.h */,
				659C07E517E3B1AA00B47DBE /* NSObject+DRTap.m */,
			);
			name = DRTap;
			sourceTree = "<group>";
		};
/* End PBXGroup section */

/* Begin PBXNativeTarget section */
		659C07B817E3B15600B47DBE /* DRTapDemo */ = {
			isa = PBXNativeTarget;
			buildConfigurationList = 659C07DF17E3B15600B47DBE /* Build configuration list for PBXNativeTarget "DRTapDemo" */;
			buildPhases = (
				659C07B517E3B15600B47DBE /* Sources */,
				659C07B617E3B15600B47DBE /* Frameworks */,
				659C07B717E3B15600B47DBE /* Resources */,
			);
			buildRules = (
			);
			dependencies = (
			);
			name = DRTapDemo;
			productName = DRTapDemo;
			productReference = 659C07B917E3B15600B47DBE /* DRTapDemo.app */;
			productType = "com.apple.product-type.application";
		};
/* End PBXNativeTarget section */

/* Begin PBXProject section */
		659C07B117E3B15600B47DBE /* Project object */ = {
			isa = PBXProject;
			attributes = {
				CLASSPREFIX = DR;
				LastUpgradeCheck = 0460;
				ORGANIZATIONNAME = "Daniel R";
			};
			buildConfigurationList = 659C07B417E3B15600B47DBE /* Build configuration list for PBXProject "DRTapDemo" */;
			compatibilityVersion = "Xcode 3.2";
			developmentRegion = English;
			hasScannedForEncodings = 0;
			knownRegions = (
				en,
			);
			mainGroup = 659C07B017E3B15600B47DBE;
			productRefGroup = 659C07BA17E3B15600B47DBE /* Products */;
			projectDirPath = "";
			projectRoot = "";
			targets = (
				659C07B817E3B15600B47DBE /* DRTapDemo */,
			);
		};
/* End PBXProject section */

/* Begin PBXResourcesBuildPhase section */
		659C07B717E3B15600B47DBE /* Resources */ = {
			isa = PBXResourcesBuildPhase;
			buildActionMask = 2147483647;
			files = (
				659C07C717E3B15600B47DBE /* InfoPlist.strings in Resources */,
				659C07CF17E3B15600B47DBE /* Default.png in Resources */,
				659C07D117E3B15600B47DBE /* Default@2x.png in Resources */,
				659C07D317E3B15600B47DBE /* Default-568h@2x.png in Resources */,
			);
			runOnlyForDeploymentPostprocessing = 0;
		};
/* End PBXResourcesBuildPhase section */

/* Begin PBXSourcesBuildPhase section */
		659C07B517E3B15600B47DBE /* Sources */ = {
			isa = PBXSourcesBuildPhase;
			buildActionMask = 2147483647;
			files = (
				659C07C917E3B15600B47DBE /* main.m in Sources */,
				659C07CD17E3B15600B47DBE /* DRAppDelegate.m in Sources */,
				659C07D617E3B15600B47DBE /* DRViewController.m in Sources */,
				659C07E617E3B1AA00B47DBE /* NSObject+DRTap.m in Sources */,
			);
			runOnlyForDeploymentPostprocessing = 0;
		};
/* End PBXSourcesBuildPhase section */

/* Begin PBXVariantGroup section */
		659C07C517E3B15600B47DBE /* InfoPlist.strings */ = {
			isa = PBXVariantGroup;
			children = (
				659C07C617E3B15600B47DBE /* en */,
			);
			name = InfoPlist.strings;
			sourceTree = "<group>";
		};
/* End PBXVariantGroup section */

/* Begin XCBuildConfiguration section */
		659C07DD17E3B15600B47DBE /* Debug */ = {
			isa = XCBuildConfiguration;
			buildSettings = {
				ALWAYS_SEARCH_USER_PATHS = NO;
				CLANG_CXX_LANGUAGE_STANDARD = "gnu++0x";
				CLANG_CXX_LIBRARY = "libc++";
				CLANG_ENABLE_OBJC_ARC = YES;
				CLANG_WARN_CONSTANT_CONVERSION = YES;
				CLANG_WARN_EMPTY_BODY = YES;
				CLANG_WARN_ENUM_CONVERSION = YES;
				CLANG_WARN_INT_CONVERSION = YES;
				CLANG_WARN__DUPLICATE_METHOD_MATCH = YES;
				"CODE_SIGN_IDENTITY[sdk=iphoneos*]" = "iPhone Developer";
				COPY_PHASE_STRIP = NO;
				GCC_C_LANGUAGE_STANDARD = gnu99;
				GCC_DYNAMIC_NO_PIC = NO;
				GCC_OPTIMIZATION_LEVEL = 0;
				GCC_PREPROCESSOR_DEFINITIONS = (
					"DEBUG=1",
					"$(inherited)",
				);
				GCC_SYMBOLS_PRIVATE_EXTERN = NO;
				GCC_WARN_ABOUT_RETURN_TYPE = YES;
				GCC_WARN_UNINITIALIZED_AUTOS = YES;
				GCC_WARN_UNUSED_VARIABLE = YES;
				IPHONEOS_DEPLOYMENT_TARGET = 6.1;
				ONLY_ACTIVE_ARCH = YES;
				SDKROOT = iphoneos;
				TARGETED_DEVICE_FAMILY = "1,2";
			};
			name = Debug;
		};
		659C07DE17E3B15600B47DBE /* Release */ = {
			isa = XCBuildConfiguration;
			buildSettings = {
				ALWAYS_SEARCH_USER_PATHS = NO;
				CLANG_CXX_LANGUAGE_STANDARD = "gnu++0x";
				CLANG_CXX_LIBRARY = "libc++";
				CLANG_ENABLE_OBJC_ARC = YES;
				CLANG_WARN_CONSTANT_CONVERSION = YES;
				CLANG_WARN_EMPTY_BODY = YES;
				CLANG_WARN_ENUM_CONVERSION = YES;
				CLANG_WARN_INT_CONVERSION = YES;
				CLANG_WARN__DUPLICATE_METHOD_MATCH = YES;
				"CODE_SIGN_IDENTITY[sdk=iphoneos*]" = "iPhone Developer";
				COPY_PHASE_STRIP = YES;
				GCC_C_LANGUAGE_STANDARD = gnu99;
				GCC_WARN_ABOUT_RETURN_TYPE = YES;
				GCC_WARN_UNINITIALIZED_AUTOS = YES;
				GCC_WARN_UNUSED_VARIABLE = YES;
				IPHONEOS_DEPLOYMENT_TARGET = 6.1;
				OTHER_CFLAGS = "-DNS_BLOCK_ASSERTIONS=1";
				SDKROOT = iphoneos;
				TARGETED_DEVICE_FAMILY = "1,2";
				VALIDATE_PRODUCT = YES;
			};
			name = Release;
		};
		659C07E017E3B15600B47DBE /* Debug */ = {
			isa = XCBuildConfiguration;
			buildSettings = {
				GCC_PRECOMPILE_PREFIX_HEADER = YES;
				GCC_PREFIX_HEADER = "DRTapDemo/DRTapDemo-Prefix.pch";
				INFOPLIST_FILE = "DRTapDemo/DRTapDemo-Info.plist";
				PRODUCT_NAME = "$(TARGET_NAME)";
				WRAPPER_EXTENSION = app;
			};
			name = Debug;
		};
		659C07E117E3B15600B47DBE /* Release */ = {
			isa = XCBuildConfiguration;
			buildSettings = {
				GCC_PRECOMPILE_PREFIX_HEADER = YES;
				GCC_PREFIX_HEADER = "DRTapDemo/DRTapDemo-Prefix.pch";
				INFOPLIST_FILE = "DRTapDemo/DRTapDemo-Info.plist";
				PRODUCT_NAME = "$(TARGET_NAME)";
				WRAPPER_EXTENSION = app;
			};
			name = Release;
		};
/* End XCBuildConfiguration section */

/* Begin XCConfigurationList section */
		659C07B417E3B15600B47DBE /* Build configuration list for PBXProject "DRTapDemo" */ = {
			isa = XCConfigurationList;
			buildConfigurations = (
				659C07DD17E3B15600B47DBE /* Debug */,
				659C07DE17E3B15600B47DBE /* Release */,
			);
			defaultConfigurationIsVisible = 0;
			defaultConfigurationName = Release;
		};
		659C07DF17E3B15600B47DBE /* Build configuration list for PBXNativeTarget "DRTapDemo" */ = {
			isa = XCConfigurationList;
			buildConfigurations = (
				659C07E017E3B15600B47DBE /* Debug */,
				659C07E117E3B15600B47DBE /* Release */,
			);
			defaultConfigurationIsVisible = 0;
		};
/* End XCConfigurationList section */
	};
	rootObject = 659C07B117E3B15600B47DBE /* Project object */;
}
